
Microsoft Visual Studio Solution File, Format Version 12.00
# Visual Studio Version 17
VisualStudioVersion = 17.1.32421.90
MinimumVisualStudioVersion = 10.0.40219.1
Project("{9A19103F-16F7-4668-BE54-9A1E7A4F7556}") = "SachovniceKun", "SachovniceKun\SachovniceKun.csproj", "{E626BBBE-03D2-4909-B38F-4D733E1960A2}"
EndProject
Project("{2150E333-8FDC-42A3-9474-1A3956D46DE8}") = "Solution Items", "Solution Items", "{BED58C12-B88C-4942-8580-ED7BDC3FF7BB}"
	ProjectSection(SolutionItems) = preProject
		README.md = README.md
	EndProjectSection
EndProject
Project("{FAE04EC0-301F-11D3-BF4B-00C04F79EFBC}") = "BarevnyTrojuhelnik", "BarevnyTrojuhelnik\BarevnyTrojuhelnik.csproj", "{0540FE99-62B7-4614-95B5-44D52FC87345}"
EndProject
Project("{FAE04EC0-301F-11D3-BF4B-00C04F79EFBC}") = "RimskaKalkulacka", "RimskaKalkulacka\RimskaKalkulacka.csproj", "{7C3452AA-FCD6-4A40-8DDF-5218C56F6344}"
EndProject
Global
	GlobalSection(SolutionConfigurationPlatforms) = preSolution
		Debug|Any CPU = Debug|Any CPU
		Release|Any CPU = Release|Any CPU
	EndGlobalSection
	GlobalSection(ProjectConfigurationPlatforms) = postSolution
		{E626BBBE-03D2-4909-B38F-4D733E1960A2}.Debug|Any CPU.ActiveCfg = Debug|Any CPU
		{E626BBBE-03D2-4909-B38F-4D733E1960A2}.Debug|Any CPU.Build.0 = Debug|Any CPU
		{E626BBBE-03D2-4909-B38F-4D733E1960A2}.Release|Any CPU.ActiveCfg = Release|Any CPU
		{E626BBBE-03D2-4909-B38F-4D733E1960A2}.Release|Any CPU.Build.0 = Release|Any CPU
		{0540FE99-62B7-4614-95B5-44D52FC87345}.Debug|Any CPU.ActiveCfg = Debug|Any CPU
		{0540FE99-62B7-4614-95B5-44D52FC87345}.Debug|Any CPU.Build.0 = Debug|Any CPU
		{0540FE99-62B7-4614-95B5-44D52FC87345}.Release|Any CPU.ActiveCfg = Release|Any CPU
		{0540FE99-62B7-4614-95B5-44D52FC87345}.Release|Any CPU.Build.0 = Release|Any CPU
		{7C3452AA-FCD6-4A40-8DDF-5218C56F6344}.Debug|Any CPU.ActiveCfg = Debug|Any CPU
		{7C3452AA-FCD6-4A40-8DDF-5218C56F6344}.Debug|Any CPU.Build.0 = Debug|Any CPU
		{7C3452AA-FCD6-4A40-8DDF-5218C56F6344}.Release|Any CPU.ActiveCfg = Release|Any CPU
		{7C3452AA-FCD6-4A40-8DDF-5218C56F6344}.Release|Any CPU.Build.0 = Release|Any CPU
	EndGlobalSection
	GlobalSection(SolutionProperties) = preSolution
		HideSolutionNode = FALSE
	EndGlobalSection
	GlobalSection(ExtensibilityGlobals) = postSolution
		SolutionGuid = {AA83096D-D1FE-4EDE-97C4-610DAA4AFA9A}
	EndGlobalSection
EndGlobal
